
Microsoft Visual Studio Solution File, Format Version 12.00
# Visual Studio Version 17
VisualStudioVersion = 17.4.33213.308
MinimumVisualStudioVersion = 10.0.40219.1
Project("{FAE04EC0-301F-11D3-BF4B-00C04F79EFBC}") = "server", "server\server.csproj", "{1FC378AF-8324-4B7C-BCD9-68A93B9F8277}"
EndProject
Global
	GlobalSection(SolutionConfigurationPlatforms) = preSolution
		Debug|Any CPU = Debug|Any CPU
		Release|Any CPU = Release|Any CPU
	EndGlobalSection
	GlobalSection(ProjectConfigurationPlatforms) = postSolution
		{1FC378AF-8324-4B7C-BCD9-68A93B9F8277}.Debug|Any CPU.ActiveCfg = Debug|Any CPU
		{1FC378AF-8324-4B7C-BCD9-68A93B9F8277}.Debug|Any CPU.Build.0 = Debug|Any CPU
		{1FC378AF-8324-4B7C-BCD9-68A93B9F8277}.Release|Any CPU.ActiveCfg = Release|Any CPU
		{1FC378AF-8324-4B7C-BCD9-68A93B9F8277}.Release|Any CPU.Build.0 = Release|Any CPU
	EndGlobalSection
	GlobalSection(SolutionProperties) = preSolution
		HideSolutionNode = FALSE
	EndGlobalSection
	GlobalSection(ExtensibilityGlobals) = postSolution
		SolutionGuid = {AF3EF4C7-0F87-48A1-BEA3-16E858BE3D40}
	EndGlobalSection
EndGlobal
